// !$*UTF8*$!
{
	archiveVersion = 1;
	classes = {
	};
	objectVersion = 46;
	objects = {

/* Begin PBXBuildFile section */
		361DED5B1F7EBC7100B86600 /* EFCountingLabel.swift in Sources */ = {isa = PBXBuildFile; fileRef = 361DED5A1F7EBC7100B86600 /* EFCountingLabel.swift */; };
		361DED5D1F7EE3B900B86600 /* NoContentController.swift in Sources */ = {isa = PBXBuildFile; fileRef = 361DED5C1F7EE3B900B86600 /* NoContentController.swift */; };
		361DED5F1F82ADDF00B86600 /* NetworkStatusManager.swift in Sources */ = {isa = PBXBuildFile; fileRef = 361DED5E1F82ADDF00B86600 /* NetworkStatusManager.swift */; };
		361DED631F844F3600B86600 /* ParamsManager.swift in Sources */ = {isa = PBXBuildFile; fileRef = 361DED621F844F3600B86600 /* ParamsManager.swift */; };
		3635859C1F7DD0DE00C8A090 /* SF-Pro-Display-Black.otf in Resources */ = {isa = PBXBuildFile; fileRef = 3635858A1F7DD0DE00C8A090 /* SF-Pro-Display-Black.otf */; };
		3635859D1F7DD0DE00C8A090 /* SF-Pro-Display-BlackItalic.otf in Resources */ = {isa = PBXBuildFile; fileRef = 3635858B1F7DD0DE00C8A090 /* SF-Pro-Display-BlackItalic.otf */; };
		3635859E1F7DD0DE00C8A090 /* SF-Pro-Display-Bold.otf in Resources */ = {isa = PBXBuildFile; fileRef = 3635858C1F7DD0DE00C8A090 /* SF-Pro-Display-Bold.otf */; };
		3635859F1F7DD0DE00C8A090 /* SF-Pro-Display-BoldItalic.otf in Resources */ = {isa = PBXBuildFile; fileRef = 3635858D1F7DD0DE00C8A090 /* SF-Pro-Display-BoldItalic.otf */; };
		363585A01F7DD0DE00C8A090 /* SF-Pro-Display-Heavy.otf in Resources */ = {isa = PBXBuildFile; fileRef = 3635858E1F7DD0DE00C8A090 /* SF-Pro-Display-Heavy.otf */; };
		363585A11F7DD0DE00C8A090 /* SF-Pro-Display-HeavyItalic.otf in Resources */ = {isa = PBXBuildFile; fileRef = 3635858F1F7DD0DE00C8A090 /* SF-Pro-Display-HeavyItalic.otf */; };
		363585A21F7DD0DE00C8A090 /* SF-Pro-Display-Light.otf in Resources */ = {isa = PBXBuildFile; fileRef = 363585901F7DD0DE00C8A090 /* SF-Pro-Display-Light.otf */; };
		363585A31F7DD0DE00C8A090 /* SF-Pro-Display-LightItalic.otf in Resources */ = {isa = PBXBuildFile; fileRef = 363585911F7DD0DE00C8A090 /* SF-Pro-Display-LightItalic.otf */; };
		363585A41F7DD0DE00C8A090 /* SF-Pro-Display-Medium.otf in Resources */ = {isa = PBXBuildFile; fileRef = 363585921F7DD0DE00C8A090 /* SF-Pro-Display-Medium.otf */; };
		363585A51F7DD0DE00C8A090 /* SF-Pro-Display-MediumItalic.otf in Resources */ = {isa = PBXBuildFile; fileRef = 363585931F7DD0DE00C8A090 /* SF-Pro-Display-MediumItalic.otf */; };
		363585A61F7DD0DE00C8A090 /* SF-Pro-Display-Regular.otf in Resources */ = {isa = PBXBuildFile; fileRef = 363585941F7DD0DE00C8A090 /* SF-Pro-Display-Regular.otf */; };
		363585A71F7DD0DE00C8A090 /* SF-Pro-Display-RegularItalic.otf in Resources */ = {isa = PBXBuildFile; fileRef = 363585951F7DD0DE00C8A090 /* SF-Pro-Display-RegularItalic.otf */; };
		363585A81F7DD0DE00C8A090 /* SF-Pro-Display-Semibold.otf in Resources */ = {isa = PBXBuildFile; fileRef = 363585961F7DD0DE00C8A090 /* SF-Pro-Display-Semibold.otf */; };
		363585A91F7DD0DE00C8A090 /* SF-Pro-Display-SemiboldItalic.otf in Resources */ = {isa = PBXBuildFile; fileRef = 363585971F7DD0DE00C8A090 /* SF-Pro-Display-SemiboldItalic.otf */; };
		363585AA1F7DD0DE00C8A090 /* SF-Pro-Display-Thin.otf in Resources */ = {isa = PBXBuildFile; fileRef = 363585981F7DD0DE00C8A090 /* SF-Pro-Display-Thin.otf */; };
		363585AB1F7DD0DE00C8A090 /* SF-Pro-Display-ThinItalic.otf in Resources */ = {isa = PBXBuildFile; fileRef = 363585991F7DD0DE00C8A090 /* SF-Pro-Display-ThinItalic.otf */; };
		363585AC1F7DD0DE00C8A090 /* SF-Pro-Display-Ultralight.otf in Resources */ = {isa = PBXBuildFile; fileRef = 3635859A1F7DD0DE00C8A090 /* SF-Pro-Display-Ultralight.otf */; };
		363585AD1F7DD0DE00C8A090 /* SF-Pro-Display-UltralightItalic.otf in Resources */ = {isa = PBXBuildFile; fileRef = 3635859B1F7DD0DE00C8A090 /* SF-Pro-Display-UltralightItalic.otf */; };
		3641FCA11F79567B00AE1252 /* DialogController.swift in Sources */ = {isa = PBXBuildFile; fileRef = 3641FCA01F79567B00AE1252 /* DialogController.swift */; };
		3645A4CD1F992C5200314B06 /* StepCell.swift in Sources */ = {isa = PBXBuildFile; fileRef = 3645A4CC1F992C5200314B06 /* StepCell.swift */; };
		3663ACCB203B8E4A000A77FA /* Localizable.strings in Resources */ = {isa = PBXBuildFile; fileRef = 3663ACCD203B8E4A000A77FA /* Localizable.strings */; };
		3697FB7C1F5F5866009C7506 /* OAuthManager.swift in Sources */ = {isa = PBXBuildFile; fileRef = 3697FB7B1F5F5866009C7506 /* OAuthManager.swift */; };
		36AB952B1F75F466000E963A /* PrivacityPolicy.html in Resources */ = {isa = PBXBuildFile; fileRef = 36AB952A1F75F466000E963A /* PrivacityPolicy.html */; };
		36D19FD71F97CA8B00628F42 /* WalkthroughtController.swift in Sources */ = {isa = PBXBuildFile; fileRef = 36D19FD61F97CA8B00628F42 /* WalkthroughtController.swift */; };
		36EFF9FF1F8EF5B0008B9DF9 /* TextField.swift in Sources */ = {isa = PBXBuildFile; fileRef = 36EFF9FE1F8EF5B0008B9DF9 /* TextField.swift */; };
		36EFFA011F8EF5DA008B9DF9 /* Button.swift in Sources */ = {isa = PBXBuildFile; fileRef = 36EFFA001F8EF5DA008B9DF9 /* Button.swift */; };
		5878F0E7E5D349B391911F69 /* Pods_Kuni.framework in Frameworks */ = {isa = PBXBuildFile; fileRef = F53B22D021199AAB769E164D /* Pods_Kuni.framework */; };
		651375541F55EE660034AC08 /* ContestManager.swift in Sources */ = {isa = PBXBuildFile; fileRef = 651375531F55EE660034AC08 /* ContestManager.swift */; };
		651549E91F362AD000650E4C /* HomeController.swift in Sources */ = {isa = PBXBuildFile; fileRef = 651549E81F362AD000650E4C /* HomeController.swift */; };
		651549EB1F3645DC00650E4C /* ProfileController.swift in Sources */ = {isa = PBXBuildFile; fileRef = 651549EA1F3645DC00650E4C /* ProfileController.swift */; };
		651549ED1F3645EE00650E4C /* RewardsController.swift in Sources */ = {isa = PBXBuildFile; fileRef = 651549EC1F3645EE00650E4C /* RewardsController.swift */; };
		651549EF1F36489300650E4C /* Session.swift in Sources */ = {isa = PBXBuildFile; fileRef = 651549EE1F36489300650E4C /* Session.swift */; };
		651549F11F364DE100650E4C /* MainNavigationController.swift in Sources */ = {isa = PBXBuildFile; fileRef = 651549F01F364DE100650E4C /* MainNavigationController.swift */; };
		6542D7121F2823E6005EB323 /* Extensions.swift in Sources */ = {isa = PBXBuildFile; fileRef = 6542D7111F2823E6005EB323 /* Extensions.swift */; };
		654396B71F3E332500DC947F /* AuthManager.swift in Sources */ = {isa = PBXBuildFile; fileRef = 654396B61F3E332500DC947F /* AuthManager.swift */; };
		654CC1281F85F68E0010DBD9 /* Font.swift in Sources */ = {isa = PBXBuildFile; fileRef = 654CC1271F85F68E0010DBD9 /* Font.swift */; };
		654CC12A1F85F69D0010DBD9 /* Color.swift in Sources */ = {isa = PBXBuildFile; fileRef = 654CC1291F85F69D0010DBD9 /* Color.swift */; };
		657D06A01F2C30D50016A14F /* ContestRules.html in Resources */ = {isa = PBXBuildFile; fileRef = 657D069F1F2C30D50016A14F /* ContestRules.html */; };
		657D06A21F2C5CFE0016A14F /* RegisterController.swift in Sources */ = {isa = PBXBuildFile; fileRef = 657D06A11F2C5CFE0016A14F /* RegisterController.swift */; };
		657D06AF1F2E7E040016A14F /* Router.swift in Sources */ = {isa = PBXBuildFile; fileRef = 657D06AE1F2E7E040016A14F /* Router.swift */; };
		657D06B21F2E95320016A14F /* LostPasswordController.swift in Sources */ = {isa = PBXBuildFile; fileRef = 657D06B11F2E95320016A14F /* LostPasswordController.swift */; };
		657D06B41F2EC4B10016A14F /* Validators.swift in Sources */ = {isa = PBXBuildFile; fileRef = 657D06B31F2EC4B10016A14F /* Validators.swift */; };
		657D06B61F2F81B50016A14F /* Form.swift in Sources */ = {isa = PBXBuildFile; fileRef = 657D06B51F2F81B50016A14F /* Form.swift */; };
		658456D01F4BDD6B00A127CD /* EditProfileController.swift in Sources */ = {isa = PBXBuildFile; fileRef = 658456CF1F4BDD6B00A127CD /* EditProfileController.swift */; };
		65AF180B1FC55A9F00F33A43 /* HYParentalGateViewController.xib in Resources */ = {isa = PBXBuildFile; fileRef = 65AF18041FC55A9F00F33A43 /* HYParentalGateViewController.xib */; };
		65AF180C1FC55A9F00F33A43 /* HYLocalization.plist in Resources */ = {isa = PBXBuildFile; fileRef = 65AF18051FC55A9F00F33A43 /* HYLocalization.plist */; };
		65AF180D1FC55A9F00F33A43 /* HYParentalGateViewController.swift in Sources */ = {isa = PBXBuildFile; fileRef = 65AF18061FC55A9F00F33A43 /* HYParentalGateViewController.swift */; };
		65AF180E1FC55A9F00F33A43 /* HYParentalGate.swift in Sources */ = {isa = PBXBuildFile; fileRef = 65AF18071FC55A9F00F33A43 /* HYParentalGate.swift */; };
		65AF180F1FC55A9F00F33A43 /* HYLocalizationHelper.swift in Sources */ = {isa = PBXBuildFile; fileRef = 65AF18081FC55A9F00F33A43 /* HYLocalizationHelper.swift */; };
		65AF18101FC55A9F00F33A43 /* HYCheckBox.swift in Sources */ = {isa = PBXBuildFile; fileRef = 65AF18091FC55A9F00F33A43 /* HYCheckBox.swift */; };
		65C9B0051F28EE8A0028D360 /* LoginController.swift in Sources */ = {isa = PBXBuildFile; fileRef = 65C9B0041F28EE8A0028D360 /* LoginController.swift */; };
		65C9B0071F2A0C210028D360 /* User.swift in Sources */ = {isa = PBXBuildFile; fileRef = 65C9B0061F2A0C210028D360 /* User.swift */; };
		65C9B0091F2BA4CB0028D360 /* ContestAndPrivacyController.swift in Sources */ = {isa = PBXBuildFile; fileRef = 65C9B0081F2BA4CB0028D360 /* ContestAndPrivacyController.swift */; };
		65CBAD011F4787930083DD95 /* MyRewardsController.swift in Sources */ = {isa = PBXBuildFile; fileRef = 65CBAD001F4787930083DD95 /* MyRewardsController.swift */; };
		65CBAD031F4787ED0083DD95 /* ContestRewardsController.swift in Sources */ = {isa = PBXBuildFile; fileRef = 65CBAD021F4787ED0083DD95 /* ContestRewardsController.swift */; };
		65CBAD051F47A0680083DD95 /* DashboardController.swift in Sources */ = {isa = PBXBuildFile; fileRef = 65CBAD041F47A0680083DD95 /* DashboardController.swift */; };
		65CBAD091F47DAAD0083DD95 /* Contest.swift in Sources */ = {isa = PBXBuildFile; fileRef = 65CBAD081F47DAAD0083DD95 /* Contest.swift */; };
		65CBAD0C1F47F2270083DD95 /* Page.swift in Sources */ = {isa = PBXBuildFile; fileRef = 65CBAD0B1F47F2270083DD95 /* Page.swift */; };
		65CBAD0F1F47F24A0083DD95 /* PageCell.swift in Sources */ = {isa = PBXBuildFile; fileRef = 65CBAD0E1F47F24A0083DD95 /* PageCell.swift */; };
		65CBAD111F47F7AA0083DD95 /* OnboardingController.swift in Sources */ = {isa = PBXBuildFile; fileRef = 65CBAD101F47F7AA0083DD95 /* OnboardingController.swift */; };
		65CBAD131F48D9830083DD95 /* LegalsController.swift in Sources */ = {isa = PBXBuildFile; fileRef = 65CBAD121F48D9830083DD95 /* LegalsController.swift */; };
		65CBAD151F48DDE10083DD95 /* SettingsController.swift in Sources */ = {isa = PBXBuildFile; fileRef = 65CBAD141F48DDE10083DD95 /* SettingsController.swift */; };
		65CE9CCF1F76E5E800E239EA /* SerieController.swift in Sources */ = {isa = PBXBuildFile; fileRef = 65CE9CCE1F76E5E800E239EA /* SerieController.swift */; };
		65D86C471F15B3B4005501CF /* AppDelegate.swift in Sources */ = {isa = PBXBuildFile; fileRef = 65D86C461F15B3B4005501CF /* AppDelegate.swift */; };
		65D86C491F15B3B4005501CF /* ViewController.swift in Sources */ = {isa = PBXBuildFile; fileRef = 65D86C481F15B3B4005501CF /* ViewController.swift */; };
		65D86C4C1F15B3B4005501CF /* Main.storyboard in Resources */ = {isa = PBXBuildFile; fileRef = 65D86C4A1F15B3B4005501CF /* Main.storyboard */; };
		65D86C4E1F15B3B4005501CF /* Assets.xcassets in Resources */ = {isa = PBXBuildFile; fileRef = 65D86C4D1F15B3B4005501CF /* Assets.xcassets */; };
		65D86C511F15B3B4005501CF /* LaunchScreen.storyboard in Resources */ = {isa = PBXBuildFile; fileRef = 65D86C4F1F15B3B4005501CF /* LaunchScreen.storyboard */; };
		65EBE2901F4049FC004715A2 /* FacebookManager.swift in Sources */ = {isa = PBXBuildFile; fileRef = 65EBE28F1F4049FC004715A2 /* FacebookManager.swift */; };
		65EBE2931F417533004715A2 /* DLHamburguerContainerViewController.swift in Sources */ = {isa = PBXBuildFile; fileRef = 65EBE2921F417533004715A2 /* DLHamburguerContainerViewController.swift */; };
		65EBE2951F417543004715A2 /* DLHamburguerNavigationController.swift in Sources */ = {isa = PBXBuildFile; fileRef = 65EBE2941F417543004715A2 /* DLHamburguerNavigationController.swift */; };
		65EBE2971F417554004715A2 /* DLHamburguerViewController.swift in Sources */ = {isa = PBXBuildFile; fileRef = 65EBE2961F417554004715A2 /* DLHamburguerViewController.swift */; };
		65EBE2991F417770004715A2 /* HomeRootController.swift in Sources */ = {isa = PBXBuildFile; fileRef = 65EBE2981F417770004715A2 /* HomeRootController.swift */; };
		65EBE29C1F4179BB004715A2 /* HomeMenuController.swift in Sources */ = {isa = PBXBuildFile; fileRef = 65EBE29B1F4179BB004715A2 /* HomeMenuController.swift */; };
/* End PBXBuildFile section */

/* Begin PBXFileReference section */
		361DED5A1F7EBC7100B86600 /* EFCountingLabel.swift */ = {isa = PBXFileReference; fileEncoding = 4; lastKnownFileType = sourcecode.swift; path = EFCountingLabel.swift; sourceTree = "<group>"; };
		361DED5C1F7EE3B900B86600 /* NoContentController.swift */ = {isa = PBXFileReference; fileEncoding = 4; lastKnownFileType = sourcecode.swift; path = NoContentController.swift; sourceTree = "<group>"; };
		361DED5E1F82ADDF00B86600 /* NetworkStatusManager.swift */ = {isa = PBXFileReference; fileEncoding = 4; lastKnownFileType = sourcecode.swift; path = NetworkStatusManager.swift; sourceTree = "<group>"; };
		361DED621F844F3600B86600 /* ParamsManager.swift */ = {isa = PBXFileReference; fileEncoding = 4; lastKnownFileType = sourcecode.swift; path = ParamsManager.swift; sourceTree = "<group>"; };
		3635858A1F7DD0DE00C8A090 /* SF-Pro-Display-Black.otf */ = {isa = PBXFileReference; lastKnownFileType = file; path = "SF-Pro-Display-Black.otf"; sourceTree = "<group>"; };
		3635858B1F7DD0DE00C8A090 /* SF-Pro-Display-BlackItalic.otf */ = {isa = PBXFileReference; lastKnownFileType = file; path = "SF-Pro-Display-BlackItalic.otf"; sourceTree = "<group>"; };
		3635858C1F7DD0DE00C8A090 /* SF-Pro-Display-Bold.otf */ = {isa = PBXFileReference; lastKnownFileType = file; path = "SF-Pro-Display-Bold.otf"; sourceTree = "<group>"; };
		3635858D1F7DD0DE00C8A090 /* SF-Pro-Display-BoldItalic.otf */ = {isa = PBXFileReference; lastKnownFileType = file; path = "SF-Pro-Display-BoldItalic.otf"; sourceTree = "<group>"; };
		3635858E1F7DD0DE00C8A090 /* SF-Pro-Display-Heavy.otf */ = {isa = PBXFileReference; lastKnownFileType = file; path = "SF-Pro-Display-Heavy.otf"; sourceTree = "<group>"; };
		3635858F1F7DD0DE00C8A090 /* SF-Pro-Display-HeavyItalic.otf */ = {isa = PBXFileReference; lastKnownFileType = file; path = "SF-Pro-Display-HeavyItalic.otf"; sourceTree = "<group>"; };
		363585901F7DD0DE00C8A090 /* SF-Pro-Display-Light.otf */ = {isa = PBXFileReference; lastKnownFileType = file; path = "SF-Pro-Display-Light.otf"; sourceTree = "<group>"; };
		363585911F7DD0DE00C8A090 /* SF-Pro-Display-LightItalic.otf */ = {isa = PBXFileReference; lastKnownFileType = file; path = "SF-Pro-Display-LightItalic.otf"; sourceTree = "<group>"; };
		363585921F7DD0DE00C8A090 /* SF-Pro-Display-Medium.otf */ = {isa = PBXFileReference; lastKnownFileType = file; path = "SF-Pro-Display-Medium.otf"; sourceTree = "<group>"; };
		363585931F7DD0DE00C8A090 /* SF-Pro-Display-MediumItalic.otf */ = {isa = PBXFileReference; lastKnownFileType = file; path = "SF-Pro-Display-MediumItalic.otf"; sourceTree = "<group>"; };
		363585941F7DD0DE00C8A090 /* SF-Pro-Display-Regular.otf */ = {isa = PBXFileReference; lastKnownFileType = file; path = "SF-Pro-Display-Regular.otf"; sourceTree = "<group>"; };
		363585951F7DD0DE00C8A090 /* SF-Pro-Display-RegularItalic.otf */ = {isa = PBXFileReference; lastKnownFileType = file; path = "SF-Pro-Display-RegularItalic.otf"; sourceTree = "<group>"; };
		363585961F7DD0DE00C8A090 /* SF-Pro-Display-Semibold.otf */ = {isa = PBXFileReference; lastKnownFileType = file; path = "SF-Pro-Display-Semibold.otf"; sourceTree = "<group>"; };
		363585971F7DD0DE00C8A090 /* SF-Pro-Display-SemiboldItalic.otf */ = {isa = PBXFileReference; lastKnownFileType = file; path = "SF-Pro-Display-SemiboldItalic.otf"; sourceTree = "<group>"; };
		363585981F7DD0DE00C8A090 /* SF-Pro-Display-Thin.otf */ = {isa = PBXFileReference; lastKnownFileType = file; path = "SF-Pro-Display-Thin.otf"; sourceTree = "<group>"; };
		363585991F7DD0DE00C8A090 /* SF-Pro-Display-ThinItalic.otf */ = {isa = PBXFileReference; lastKnownFileType = file; path = "SF-Pro-Display-ThinItalic.otf"; sourceTree = "<group>"; };
		3635859A1F7DD0DE00C8A090 /* SF-Pro-Display-Ultralight.otf */ = {isa = PBXFileReference; lastKnownFileType = file; path = "SF-Pro-Display-Ultralight.otf"; sourceTree = "<group>"; };
		3635859B1F7DD0DE00C8A090 /* SF-Pro-Display-UltralightItalic.otf */ = {isa = PBXFileReference; lastKnownFileType = file; path = "SF-Pro-Display-UltralightItalic.otf"; sourceTree = "<group>"; };
		3641FCA01F79567B00AE1252 /* DialogController.swift */ = {isa = PBXFileReference; fileEncoding = 4; lastKnownFileType = sourcecode.swift; path = DialogController.swift; sourceTree = "<group>"; };
		3645A4CC1F992C5200314B06 /* StepCell.swift */ = {isa = PBXFileReference; fileEncoding = 4; lastKnownFileType = sourcecode.swift; path = StepCell.swift; sourceTree = "<group>"; };
		3663ACC7203B8DB4000A77FA /* es-MX */ = {isa = PBXFileReference; lastKnownFileType = text.plist.strings; name = "es-MX"; path = "es-MX.lproj/LaunchScreen.strings"; sourceTree = "<group>"; };
		3663ACC8203B8DB4000A77FA /* es-MX */ = {isa = PBXFileReference; lastKnownFileType = text.plist.strings; name = "es-MX"; path = "es-MX.lproj/Main.strings"; sourceTree = "<group>"; };
		3663ACCC203B8E4A000A77FA /* es-MX */ = {isa = PBXFileReference; lastKnownFileType = text.plist.strings; name = "es-MX"; path = "es-MX.lproj/Localizable.strings"; sourceTree = "<group>"; };
		3697FB7B1F5F5866009C7506 /* OAuthManager.swift */ = {isa = PBXFileReference; fileEncoding = 4; lastKnownFileType = sourcecode.swift; path = OAuthManager.swift; sourceTree = "<group>"; };
		36AB952A1F75F466000E963A /* PrivacityPolicy.html */ = {isa = PBXFileReference; fileEncoding = 4; lastKnownFileType = text.html; path = PrivacityPolicy.html; sourceTree = "<group>"; };
		36D19FD61F97CA8B00628F42 /* WalkthroughtController.swift */ = {isa = PBXFileReference; fileEncoding = 4; lastKnownFileType = sourcecode.swift; path = WalkthroughtController.swift; sourceTree = "<group>"; };
		36EFF9FE1F8EF5B0008B9DF9 /* TextField.swift */ = {isa = PBXFileReference; fileEncoding = 4; lastKnownFileType = sourcecode.swift; path = TextField.swift; sourceTree = "<group>"; };
		36EFFA001F8EF5DA008B9DF9 /* Button.swift */ = {isa = PBXFileReference; fileEncoding = 4; lastKnownFileType = sourcecode.swift; path = Button.swift; sourceTree = "<group>"; };
		63DE74B1429783EB44A75FCC /* Pods-Kuni.release.xcconfig */ = {isa = PBXFileReference; includeInIndex = 1; lastKnownFileType = text.xcconfig; name = "Pods-Kuni.release.xcconfig"; path = "Pods/Target Support Files/Pods-Kuni/Pods-Kuni.release.xcconfig"; sourceTree = "<group>"; };
		651375531F55EE660034AC08 /* ContestManager.swift */ = {isa = PBXFileReference; fileEncoding = 4; lastKnownFileType = sourcecode.swift; path = ContestManager.swift; sourceTree = "<group>"; };
		651549E81F362AD000650E4C /* HomeController.swift */ = {isa = PBXFileReference; fileEncoding = 4; lastKnownFileType = sourcecode.swift; path = HomeController.swift; sourceTree = "<group>"; };
		651549EA1F3645DC00650E4C /* ProfileController.swift */ = {isa = PBXFileReference; fileEncoding = 4; lastKnownFileType = sourcecode.swift; path = ProfileController.swift; sourceTree = "<group>"; };
		651549EC1F3645EE00650E4C /* RewardsController.swift */ = {isa = PBXFileReference; fileEncoding = 4; lastKnownFileType = sourcecode.swift; path = RewardsController.swift; sourceTree = "<group>"; };
		651549EE1F36489300650E4C /* Session.swift */ = {isa = PBXFileReference; fileEncoding = 4; lastKnownFileType = sourcecode.swift; path = Session.swift; sourceTree = "<group>"; };
		651549F01F364DE100650E4C /* MainNavigationController.swift */ = {isa = PBXFileReference; fileEncoding = 4; lastKnownFileType = sourcecode.swift; path = MainNavigationController.swift; sourceTree = "<group>"; };
		6542D7111F2823E6005EB323 /* Extensions.swift */ = {isa = PBXFileReference; fileEncoding = 4; lastKnownFileType = sourcecode.swift; path = Extensions.swift; sourceTree = "<group>"; };
		654396B61F3E332500DC947F /* AuthManager.swift */ = {isa = PBXFileReference; fileEncoding = 4; lastKnownFileType = sourcecode.swift; path = AuthManager.swift; sourceTree = "<group>"; };
		654CC1271F85F68E0010DBD9 /* Font.swift */ = {isa = PBXFileReference; fileEncoding = 4; lastKnownFileType = sourcecode.swift; path = Font.swift; sourceTree = "<group>"; };
		654CC1291F85F69D0010DBD9 /* Color.swift */ = {isa = PBXFileReference; fileEncoding = 4; lastKnownFileType = sourcecode.swift; path = Color.swift; sourceTree = "<group>"; };
		657D069F1F2C30D50016A14F /* ContestRules.html */ = {isa = PBXFileReference; fileEncoding = 4; lastKnownFileType = text.html; path = ContestRules.html; sourceTree = "<group>"; };
		657D06A11F2C5CFE0016A14F /* RegisterController.swift */ = {isa = PBXFileReference; fileEncoding = 4; lastKnownFileType = sourcecode.swift; path = RegisterController.swift; sourceTree = "<group>"; };
		657D06AD1F2E44E20016A14F /* Kuni.entitlements */ = {isa = PBXFileReference; lastKnownFileType = text.plist.entitlements; path = Kuni.entitlements; sourceTree = "<group>"; };
		657D06AE1F2E7E040016A14F /* Router.swift */ = {isa = PBXFileReference; fileEncoding = 4; lastKnownFileType = sourcecode.swift; path = Router.swift; sourceTree = "<group>"; };
		657D06B11F2E95320016A14F /* LostPasswordController.swift */ = {isa = PBXFileReference; fileEncoding = 4; lastKnownFileType = sourcecode.swift; path = LostPasswordController.swift; sourceTree = "<group>"; };
		657D06B31F2EC4B10016A14F /* Validators.swift */ = {isa = PBXFileReference; fileEncoding = 4; lastKnownFileType = sourcecode.swift; path = Validators.swift; sourceTree = "<group>"; };
		657D06B51F2F81B50016A14F /* Form.swift */ = {isa = PBXFileReference; fileEncoding = 4; lastKnownFileType = sourcecode.swift; path = Form.swift; sourceTree = "<group>"; };
		658456CF1F4BDD6B00A127CD /* EditProfileController.swift */ = {isa = PBXFileReference; fileEncoding = 4; lastKnownFileType = sourcecode.swift; path = EditProfileController.swift; sourceTree = "<group>"; };
		65AF18041FC55A9F00F33A43 /* HYParentalGateViewController.xib */ = {isa = PBXFileReference; fileEncoding = 4; lastKnownFileType = file.xib; path = HYParentalGateViewController.xib; sourceTree = "<group>"; };
		65AF18051FC55A9F00F33A43 /* HYLocalization.plist */ = {isa = PBXFileReference; fileEncoding = 4; lastKnownFileType = text.plist.xml; path = HYLocalization.plist; sourceTree = "<group>"; };
		65AF18061FC55A9F00F33A43 /* HYParentalGateViewController.swift */ = {isa = PBXFileReference; fileEncoding = 4; lastKnownFileType = sourcecode.swift; path = HYParentalGateViewController.swift; sourceTree = "<group>"; };
		65AF18071FC55A9F00F33A43 /* HYParentalGate.swift */ = {isa = PBXFileReference; fileEncoding = 4; lastKnownFileType = sourcecode.swift; path = HYParentalGate.swift; sourceTree = "<group>"; };
		65AF18081FC55A9F00F33A43 /* HYLocalizationHelper.swift */ = {isa = PBXFileReference; fileEncoding = 4; lastKnownFileType = sourcecode.swift; path = HYLocalizationHelper.swift; sourceTree = "<group>"; };
		65AF18091FC55A9F00F33A43 /* HYCheckBox.swift */ = {isa = PBXFileReference; fileEncoding = 4; lastKnownFileType = sourcecode.swift; path = HYCheckBox.swift; sourceTree = "<group>"; };
		65AF180A1FC55A9F00F33A43 /* HYParentalGate.h */ = {isa = PBXFileReference; fileEncoding = 4; lastKnownFileType = sourcecode.c.h; path = HYParentalGate.h; sourceTree = "<group>"; };
		65C9B0041F28EE8A0028D360 /* LoginController.swift */ = {isa = PBXFileReference; fileEncoding = 4; lastKnownFileType = sourcecode.swift; path = LoginController.swift; sourceTree = "<group>"; };
		65C9B0061F2A0C210028D360 /* User.swift */ = {isa = PBXFileReference; fileEncoding = 4; lastKnownFileType = sourcecode.swift; path = User.swift; sourceTree = "<group>"; };
		65C9B0081F2BA4CB0028D360 /* ContestAndPrivacyController.swift */ = {isa = PBXFileReference; fileEncoding = 4; lastKnownFileType = sourcecode.swift; path = ContestAndPrivacyController.swift; sourceTree = "<group>"; };
		65CBAD001F4787930083DD95 /* MyRewardsController.swift */ = {isa = PBXFileReference; fileEncoding = 4; lastKnownFileType = sourcecode.swift; path = MyRewardsController.swift; sourceTree = "<group>"; };
		65CBAD021F4787ED0083DD95 /* ContestRewardsController.swift */ = {isa = PBXFileReference; fileEncoding = 4; lastKnownFileType = sourcecode.swift; path = ContestRewardsController.swift; sourceTree = "<group>"; };
		65CBAD041F47A0680083DD95 /* DashboardController.swift */ = {isa = PBXFileReference; fileEncoding = 4; lastKnownFileType = sourcecode.swift; path = DashboardController.swift; sourceTree = "<group>"; };
		65CBAD081F47DAAD0083DD95 /* Contest.swift */ = {isa = PBXFileReference; fileEncoding = 4; lastKnownFileType = sourcecode.swift; path = Contest.swift; sourceTree = "<group>"; };
		65CBAD0B1F47F2270083DD95 /* Page.swift */ = {isa = PBXFileReference; fileEncoding = 4; lastKnownFileType = sourcecode.swift; path = Page.swift; sourceTree = "<group>"; };
		65CBAD0E1F47F24A0083DD95 /* PageCell.swift */ = {isa = PBXFileReference; fileEncoding = 4; lastKnownFileType = sourcecode.swift; path = PageCell.swift; sourceTree = "<group>"; };
		65CBAD101F47F7AA0083DD95 /* OnboardingController.swift */ = {isa = PBXFileReference; fileEncoding = 4; lastKnownFileType = sourcecode.swift; path = OnboardingController.swift; sourceTree = "<group>"; };
		65CBAD121F48D9830083DD95 /* LegalsController.swift */ = {isa = PBXFileReference; fileEncoding = 4; lastKnownFileType = sourcecode.swift; path = LegalsController.swift; sourceTree = "<group>"; };
		65CBAD141F48DDE10083DD95 /* SettingsController.swift */ = {isa = PBXFileReference; fileEncoding = 4; lastKnownFileType = sourcecode.swift; path = SettingsController.swift; sourceTree = "<group>"; };
		65CE9CCE1F76E5E800E239EA /* SerieController.swift */ = {isa = PBXFileReference; fileEncoding = 4; lastKnownFileType = sourcecode.swift; path = SerieController.swift; sourceTree = "<group>"; };
		65D86C431F15B3B4005501CF /* Kuni.app */ = {isa = PBXFileReference; explicitFileType = wrapper.application; includeInIndex = 0; path = Kuni.app; sourceTree = BUILT_PRODUCTS_DIR; };
		65D86C461F15B3B4005501CF /* AppDelegate.swift */ = {isa = PBXFileReference; lastKnownFileType = sourcecode.swift; path = AppDelegate.swift; sourceTree = "<group>"; };
		65D86C481F15B3B4005501CF /* ViewController.swift */ = {isa = PBXFileReference; lastKnownFileType = sourcecode.swift; path = ViewController.swift; sourceTree = "<group>"; };
		65D86C4B1F15B3B4005501CF /* Base */ = {isa = PBXFileReference; lastKnownFileType = file.storyboard; name = Base; path = Base.lproj/Main.storyboard; sourceTree = "<group>"; };
		65D86C4D1F15B3B4005501CF /* Assets.xcassets */ = {isa = PBXFileReference; lastKnownFileType = folder.assetcatalog; path = Assets.xcassets; sourceTree = "<group>"; };
		65D86C501F15B3B4005501CF /* Base */ = {isa = PBXFileReference; lastKnownFileType = file.storyboard; name = Base; path = Base.lproj/LaunchScreen.storyboard; sourceTree = "<group>"; };
		65D86C521F15B3B4005501CF /* Info.plist */ = {isa = PBXFileReference; lastKnownFileType = text.plist.xml; path = Info.plist; sourceTree = "<group>"; };
		65EBE28F1F4049FC004715A2 /* FacebookManager.swift */ = {isa = PBXFileReference; fileEncoding = 4; lastKnownFileType = sourcecode.swift; path = FacebookManager.swift; sourceTree = "<group>"; };
		65EBE2921F417533004715A2 /* DLHamburguerContainerViewController.swift */ = {isa = PBXFileReference; fileEncoding = 4; lastKnownFileType = sourcecode.swift; path = DLHamburguerContainerViewController.swift; sourceTree = "<group>"; };
		65EBE2941F417543004715A2 /* DLHamburguerNavigationController.swift */ = {isa = PBXFileReference; fileEncoding = 4; lastKnownFileType = sourcecode.swift; path = DLHamburguerNavigationController.swift; sourceTree = "<group>"; };
		65EBE2961F417554004715A2 /* DLHamburguerViewController.swift */ = {isa = PBXFileReference; fileEncoding = 4; lastKnownFileType = sourcecode.swift; path = DLHamburguerViewController.swift; sourceTree = "<group>"; };
		65EBE2981F417770004715A2 /* HomeRootController.swift */ = {isa = PBXFileReference; fileEncoding = 4; lastKnownFileType = sourcecode.swift; path = HomeRootController.swift; sourceTree = "<group>"; };
		65EBE29B1F4179BB004715A2 /* HomeMenuController.swift */ = {isa = PBXFileReference; fileEncoding = 4; lastKnownFileType = sourcecode.swift; path = HomeMenuController.swift; sourceTree = "<group>"; };
		C1E6FACB7B04F607D7ACDA93 /* Pods-Kuni.debug.xcconfig */ = {isa = PBXFileReference; includeInIndex = 1; lastKnownFileType = text.xcconfig; name = "Pods-Kuni.debug.xcconfig"; path = "Pods/Target Support Files/Pods-Kuni/Pods-Kuni.debug.xcconfig"; sourceTree = "<group>"; };
		F53B22D021199AAB769E164D /* Pods_Kuni.framework */ = {isa = PBXFileReference; explicitFileType = wrapper.framework; includeInIndex = 0; path = Pods_Kuni.framework; sourceTree = BUILT_PRODUCTS_DIR; };
/* End PBXFileReference section */

/* Begin PBXFrameworksBuildPhase section */
		65D86C401F15B3B4005501CF /* Frameworks */ = {
			isa = PBXFrameworksBuildPhase;
			buildActionMask = 2147483647;
			files = (
				5878F0E7E5D349B391911F69 /* Pods_Kuni.framework in Frameworks */,
			);
			runOnlyForDeploymentPostprocessing = 0;
		};
/* End PBXFrameworksBuildPhase section */

/* Begin PBXGroup section */
		363585891F7DCFAB00C8A090 /* Fonts */ = {
			isa = PBXGroup;
			children = (
				3635858A1F7DD0DE00C8A090 /* SF-Pro-Display-Black.otf */,
				3635858B1F7DD0DE00C8A090 /* SF-Pro-Display-BlackItalic.otf */,
				3635858C1F7DD0DE00C8A090 /* SF-Pro-Display-Bold.otf */,
				3635858D1F7DD0DE00C8A090 /* SF-Pro-Display-BoldItalic.otf */,
				3635858E1F7DD0DE00C8A090 /* SF-Pro-Display-Heavy.otf */,
				3635858F1F7DD0DE00C8A090 /* SF-Pro-Display-HeavyItalic.otf */,
				363585901F7DD0DE00C8A090 /* SF-Pro-Display-Light.otf */,
				363585911F7DD0DE00C8A090 /* SF-Pro-Display-LightItalic.otf */,
				363585921F7DD0DE00C8A090 /* SF-Pro-Display-Medium.otf */,
				363585931F7DD0DE00C8A090 /* SF-Pro-Display-MediumItalic.otf */,
				363585941F7DD0DE00C8A090 /* SF-Pro-Display-Regular.otf */,
				363585951F7DD0DE00C8A090 /* SF-Pro-Display-RegularItalic.otf */,
				363585961F7DD0DE00C8A090 /* SF-Pro-Display-Semibold.otf */,
				363585971F7DD0DE00C8A090 /* SF-Pro-Display-SemiboldItalic.otf */,
				363585981F7DD0DE00C8A090 /* SF-Pro-Display-Thin.otf */,
				363585991F7DD0DE00C8A090 /* SF-Pro-Display-ThinItalic.otf */,
				3635859A1F7DD0DE00C8A090 /* SF-Pro-Display-Ultralight.otf */,
				3635859B1F7DD0DE00C8A090 /* SF-Pro-Display-UltralightItalic.otf */,
			);
			name = Fonts;
			sourceTree = "<group>";
		};
		3645A4CE1F9A702A00314B06 /* Sliders */ = {
			isa = PBXGroup;
			children = (
				65CBAD0E1F47F24A0083DD95 /* PageCell.swift */,
				3645A4CC1F992C5200314B06 /* StepCell.swift */,
				65CBAD101F47F7AA0083DD95 /* OnboardingController.swift */,
				36D19FD61F97CA8B00628F42 /* WalkthroughtController.swift */,
			);
			name = Sliders;
			sourceTree = "<group>";
		};
		3BE17C8EB01F1B839AB30504 /* Pods */ = {
			isa = PBXGroup;
			children = (
				C1E6FACB7B04F607D7ACDA93 /* Pods-Kuni.debug.xcconfig */,
				63DE74B1429783EB44A75FCC /* Pods-Kuni.release.xcconfig */,
			);
			name = Pods;
			sourceTree = "<group>";
		};
		612CE34B0A7DA2F5A7C0EAC1 /* Frameworks */ = {
			isa = PBXGroup;
			children = (
				F53B22D021199AAB769E164D /* Pods_Kuni.framework */,
			);
			name = Frameworks;
			sourceTree = "<group>";
		};
		6542D7101F2823C9005EB323 /* Helpers */ = {
			isa = PBXGroup;
			children = (
				65EBE2911F417507004715A2 /* Menu */,
				6542D7111F2823E6005EB323 /* Extensions.swift */,
				657D06B31F2EC4B10016A14F /* Validators.swift */,
				657D06B51F2F81B50016A14F /* Form.swift */,
				361DED5A1F7EBC7100B86600 /* EFCountingLabel.swift */,
				654CC1271F85F68E0010DBD9 /* Font.swift */,
				654CC1291F85F69D0010DBD9 /* Color.swift */,
				36EFF9FE1F8EF5B0008B9DF9 /* TextField.swift */,
				36EFFA001F8EF5DA008B9DF9 /* Button.swift */,
			);
			name = Helpers;
			sourceTree = "<group>";
		};
		657D06AA1F2D26AB0016A14F /* Storyboards */ = {
			isa = PBXGroup;
			children = (
				65D86C4F1F15B3B4005501CF /* LaunchScreen.storyboard */,
				65D86C4A1F15B3B4005501CF /* Main.storyboard */,
			);
			name = Storyboards;
			sourceTree = "<group>";
		};
		658FD4831F53A3CB0018FF6B /* Managers */ = {
			isa = PBXGroup;
			children = (
				654396B61F3E332500DC947F /* AuthManager.swift */,
				657D06AE1F2E7E040016A14F /* Router.swift */,
				65EBE28F1F4049FC004715A2 /* FacebookManager.swift */,
				651549EE1F36489300650E4C /* Session.swift */,
				651375531F55EE660034AC08 /* ContestManager.swift */,
				3697FB7B1F5F5866009C7506 /* OAuthManager.swift */,
				361DED5E1F82ADDF00B86600 /* NetworkStatusManager.swift */,
				361DED621F844F3600B86600 /* ParamsManager.swift */,
			);
			name = Managers;
			sourceTree = "<group>";
		};
		65AE9BFC1F25C18300D67B02 /* Model */ = {
			isa = PBXGroup;
			children = (
				65C9B0061F2A0C210028D360 /* User.swift */,
				65CBAD081F47DAAD0083DD95 /* Contest.swift */,
				65CBAD0B1F47F2270083DD95 /* Page.swift */,
			);
			name = Model;
			sourceTree = "<group>";
		};
		65AE9BFD1F25C18900D67B02 /* Controller */ = {
			isa = PBXGroup;
			children = (
				3645A4CE1F9A702A00314B06 /* Sliders */,
				65CE9CCD1F76E5C900E239EA /* Contest */,
				65CBACFF1F475E460083DD95 /* Dashboard */,
				65CBACFE1F475E0B0083DD95 /* Login */,
				65CBACFD1F475DEB0083DD95 /* Profile */,
				65CBACFC1F475DE30083DD95 /* Rewards */,
				65EBE29A1F417786004715A2 /* Home */,
				65C9B0081F2BA4CB0028D360 /* ContestAndPrivacyController.swift */,
				651549F01F364DE100650E4C /* MainNavigationController.swift */,
				65CBAD121F48D9830083DD95 /* LegalsController.swift */,
				65CBAD141F48DDE10083DD95 /* SettingsController.swift */,
			);
			name = Controller;
			sourceTree = "<group>";
		};
		65AF17F21FC55A1500F33A43 /* ParentalGate */ = {
			isa = PBXGroup;
			children = (
				65AF18041FC55A9F00F33A43 /* HYParentalGateViewController.xib */,
				65AF18051FC55A9F00F33A43 /* HYLocalization.plist */,
				65AF18061FC55A9F00F33A43 /* HYParentalGateViewController.swift */,
				65AF18071FC55A9F00F33A43 /* HYParentalGate.swift */,
				65AF18081FC55A9F00F33A43 /* HYLocalizationHelper.swift */,
				65AF18091FC55A9F00F33A43 /* HYCheckBox.swift */,
				65AF180A1FC55A9F00F33A43 /* HYParentalGate.h */,
			);
			name = ParentalGate;
			sourceTree = "<group>";
		};
		65CBACFC1F475DE30083DD95 /* Rewards */ = {
			isa = PBXGroup;
			children = (
				651549EC1F3645EE00650E4C /* RewardsController.swift */,
				65CBAD001F4787930083DD95 /* MyRewardsController.swift */,
				65CBAD021F4787ED0083DD95 /* ContestRewardsController.swift */,
			);
			name = Rewards;
			sourceTree = "<group>";
		};
		65CBACFD1F475DEB0083DD95 /* Profile */ = {
			isa = PBXGroup;
			children = (
				651549EA1F3645DC00650E4C /* ProfileController.swift */,
				658456CF1F4BDD6B00A127CD /* EditProfileController.swift */,
			);
			name = Profile;
			sourceTree = "<group>";
		};
		65CBACFE1F475E0B0083DD95 /* Login */ = {
			isa = PBXGroup;
			children = (
				65C9B0041F28EE8A0028D360 /* LoginController.swift */,
				657D06A11F2C5CFE0016A14F /* RegisterController.swift */,
				657D06B11F2E95320016A14F /* LostPasswordController.swift */,
			);
			name = Login;
			sourceTree = "<group>";
		};
		65CBACFF1F475E460083DD95 /* Dashboard */ = {
			isa = PBXGroup;
			children = (
				65CBAD041F47A0680083DD95 /* DashboardController.swift */,
			);
			name = Dashboard;
			sourceTree = "<group>";
		};
		65CE9CCD1F76E5C900E239EA /* Contest */ = {
			isa = PBXGroup;
			children = (
				65CE9CCE1F76E5E800E239EA /* SerieController.swift */,
				3641FCA01F79567B00AE1252 /* DialogController.swift */,
			);
			name = Contest;
			sourceTree = "<group>";
		};
		65D86C3A1F15B3B4005501CF = {
			isa = PBXGroup;
			children = (
				657D069F1F2C30D50016A14F /* ContestRules.html */,
				36AB952A1F75F466000E963A /* PrivacityPolicy.html */,
				65D86C451F15B3B4005501CF /* Kuni */,
				65D86C441F15B3B4005501CF /* Products */,
				3BE17C8EB01F1B839AB30504 /* Pods */,
				612CE34B0A7DA2F5A7C0EAC1 /* Frameworks */,
			);
			sourceTree = "<group>";
		};
		65D86C441F15B3B4005501CF /* Products */ = {
			isa = PBXGroup;
			children = (
				65D86C431F15B3B4005501CF /* Kuni.app */,
			);
			name = Products;
			sourceTree = "<group>";
		};
		65D86C451F15B3B4005501CF /* Kuni */ = {
			isa = PBXGroup;
			children = (
				65AF17F21FC55A1500F33A43 /* ParentalGate */,
				363585891F7DCFAB00C8A090 /* Fonts */,
				657D06AD1F2E44E20016A14F /* Kuni.entitlements */,
				3663ACCD203B8E4A000A77FA /* Localizable.strings */,
				657D06AA1F2D26AB0016A14F /* Storyboards */,
				6542D7101F2823C9005EB323 /* Helpers */,
				658FD4831F53A3CB0018FF6B /* Managers */,
				65AE9BFD1F25C18900D67B02 /* Controller */,
				65AE9BFC1F25C18300D67B02 /* Model */,
				361DED5C1F7EE3B900B86600 /* NoContentController.swift */,
				65D86C461F15B3B4005501CF /* AppDelegate.swift */,
				65D86C481F15B3B4005501CF /* ViewController.swift */,
				65D86C4D1F15B3B4005501CF /* Assets.xcassets */,
				65D86C521F15B3B4005501CF /* Info.plist */,
			);
			path = Kuni;
			sourceTree = "<group>";
		};
		65EBE2911F417507004715A2 /* Menu */ = {
			isa = PBXGroup;
			children = (
				65EBE2921F417533004715A2 /* DLHamburguerContainerViewController.swift */,
				65EBE2941F417543004715A2 /* DLHamburguerNavigationController.swift */,
				65EBE2961F417554004715A2 /* DLHamburguerViewController.swift */,
			);
			name = Menu;
			sourceTree = "<group>";
		};
		65EBE29A1F417786004715A2 /* Home */ = {
			isa = PBXGroup;
			children = (
				651549E81F362AD000650E4C /* HomeController.swift */,
				65EBE2981F417770004715A2 /* HomeRootController.swift */,
				65EBE29B1F4179BB004715A2 /* HomeMenuController.swift */,
			);
			name = Home;
			sourceTree = "<group>";
		};
/* End PBXGroup section */

/* Begin PBXNativeTarget section */
		65D86C421F15B3B4005501CF /* Kuni */ = {
			isa = PBXNativeTarget;
			buildConfigurationList = 65D86C551F15B3B4005501CF /* Build configuration list for PBXNativeTarget "Kuni" */;
			buildPhases = (
				D091B7F949C8478FD637C0F7 /* [CP] Check Pods Manifest.lock */,
				65D86C3F1F15B3B4005501CF /* Sources */,
				65D86C401F15B3B4005501CF /* Frameworks */,
				65D86C411F15B3B4005501CF /* Resources */,
				217AA06F61338059FB069366 /* [CP] Embed Pods Frameworks */,
				EFB57BA3620B3F1C471B08B6 /* [CP] Copy Pods Resources */,
			);
			buildRules = (
			);
			dependencies = (
			);
			name = Kuni;
			productName = Kuni;
			productReference = 65D86C431F15B3B4005501CF /* Kuni.app */;
			productType = "com.apple.product-type.application";
		};
/* End PBXNativeTarget section */

/* Begin PBXProject section */
		65D86C3B1F15B3B4005501CF /* Project object */ = {
			isa = PBXProject;
			attributes = {
				LastSwiftUpdateCheck = 0830;
				LastUpgradeCheck = 0920;
				ORGANIZATIONNAME = "Promotora Digital de Cultura";
				TargetAttributes = {
					65D86C421F15B3B4005501CF = {
						CreatedOnToolsVersion = 8.3.3;
						DevelopmentTeam = P93XMCTDMP;
						ProvisioningStyle = Automatic;
						SystemCapabilities = {
							com.apple.Keychain = {
								enabled = 1;
							};
						};
					};
				};
			};
			buildConfigurationList = 65D86C3E1F15B3B4005501CF /* Build configuration list for PBXProject "Kuni" */;
			compatibilityVersion = "Xcode 3.2";
			developmentRegion = English;
			hasScannedForEncodings = 0;
			knownRegions = (
				en,
				Base,
			);
			mainGroup = 65D86C3A1F15B3B4005501CF;
			productRefGroup = 65D86C441F15B3B4005501CF /* Products */;
			projectDirPath = "";
			projectRoot = "";
			targets = (
				65D86C421F15B3B4005501CF /* Kuni */,
			);
		};
/* End PBXProject section */

/* Begin PBXResourcesBuildPhase section */
		65D86C411F15B3B4005501CF /* Resources */ = {
			isa = PBXResourcesBuildPhase;
			buildActionMask = 2147483647;
			files = (
				3635859F1F7DD0DE00C8A090 /* SF-Pro-Display-BoldItalic.otf in Resources */,
				363585AC1F7DD0DE00C8A090 /* SF-Pro-Display-Ultralight.otf in Resources */,
				363585A01F7DD0DE00C8A090 /* SF-Pro-Display-Heavy.otf in Resources */,
				3635859C1F7DD0DE00C8A090 /* SF-Pro-Display-Black.otf in Resources */,
				363585A81F7DD0DE00C8A090 /* SF-Pro-Display-Semibold.otf in Resources */,
				363585A91F7DD0DE00C8A090 /* SF-Pro-Display-SemiboldItalic.otf in Resources */,
				36AB952B1F75F466000E963A /* PrivacityPolicy.html in Resources */,
				363585A51F7DD0DE00C8A090 /* SF-Pro-Display-MediumItalic.otf in Resources */,
				65AF180C1FC55A9F00F33A43 /* HYLocalization.plist in Resources */,
				3663ACCB203B8E4A000A77FA /* Localizable.strings in Resources */,
				363585A21F7DD0DE00C8A090 /* SF-Pro-Display-Light.otf in Resources */,
				3635859E1F7DD0DE00C8A090 /* SF-Pro-Display-Bold.otf in Resources */,
				363585A31F7DD0DE00C8A090 /* SF-Pro-Display-LightItalic.otf in Resources */,
				363585A71F7DD0DE00C8A090 /* SF-Pro-Display-RegularItalic.otf in Resources */,
				65D86C511F15B3B4005501CF /* LaunchScreen.storyboard in Resources */,
				657D06A01F2C30D50016A14F /* ContestRules.html in Resources */,
				363585A41F7DD0DE00C8A090 /* SF-Pro-Display-Medium.otf in Resources */,
				363585AD1F7DD0DE00C8A090 /* SF-Pro-Display-UltralightItalic.otf in Resources */,
				363585AA1F7DD0DE00C8A090 /* SF-Pro-Display-Thin.otf in Resources */,
				363585A11F7DD0DE00C8A090 /* SF-Pro-Display-HeavyItalic.otf in Resources */,
				65AF180B1FC55A9F00F33A43 /* HYParentalGateViewController.xib in Resources */,
				65D86C4E1F15B3B4005501CF /* Assets.xcassets in Resources */,
				65D86C4C1F15B3B4005501CF /* Main.storyboard in Resources */,
				363585A61F7DD0DE00C8A090 /* SF-Pro-Display-Regular.otf in Resources */,
				363585AB1F7DD0DE00C8A090 /* SF-Pro-Display-ThinItalic.otf in Resources */,
				3635859D1F7DD0DE00C8A090 /* SF-Pro-Display-BlackItalic.otf in Resources */,
			);
			runOnlyForDeploymentPostprocessing = 0;
		};
/* End PBXResourcesBuildPhase section */

/* Begin PBXShellScriptBuildPhase section */
		217AA06F61338059FB069366 /* [CP] Embed Pods Frameworks */ = {
			isa = PBXShellScriptBuildPhase;
			buildActionMask = 2147483647;
			files = (
			);
			inputPaths = (
				"${SRCROOT}/Pods/Target Support Files/Pods-Kuni/Pods-Kuni-frameworks.sh",
				"${BUILT_PRODUCTS_DIR}/Alamofire/Alamofire.framework",
				"${BUILT_PRODUCTS_DIR}/Bolts/Bolts.framework",
				"${BUILT_PRODUCTS_DIR}/FBSDKCoreKit/FBSDKCoreKit.framework",
				"${BUILT_PRODUCTS_DIR}/FBSDKLoginKit/FBSDKLoginKit.framework",
				"${BUILT_PRODUCTS_DIR}/GSMessages/GSMessages.framework",
				"${BUILT_PRODUCTS_DIR}/SwiftIconFont/SwiftIconFont.framework",
				"${BUILT_PRODUCTS_DIR}/SwiftyJSON/SwiftyJSON.framework",
			);
			name = "[CP] Embed Pods Frameworks";
			outputPaths = (
				"${TARGET_BUILD_DIR}/${FRAMEWORKS_FOLDER_PATH}/Alamofire.framework",
				"${TARGET_BUILD_DIR}/${FRAMEWORKS_FOLDER_PATH}/Bolts.framework",
				"${TARGET_BUILD_DIR}/${FRAMEWORKS_FOLDER_PATH}/FBSDKCoreKit.framework",
				"${TARGET_BUILD_DIR}/${FRAMEWORKS_FOLDER_PATH}/FBSDKLoginKit.framework",
				"${TARGET_BUILD_DIR}/${FRAMEWORKS_FOLDER_PATH}/GSMessages.framework",
				"${TARGET_BUILD_DIR}/${FRAMEWORKS_FOLDER_PATH}/SwiftIconFont.framework",
				"${TARGET_BUILD_DIR}/${FRAMEWORKS_FOLDER_PATH}/SwiftyJSON.framework",
			);
			runOnlyForDeploymentPostprocessing = 0;
			shellPath = /bin/sh;
			shellScript = "\"${SRCROOT}/Pods/Target Support Files/Pods-Kuni/Pods-Kuni-frameworks.sh\"\n";
			showEnvVarsInLog = 0;
		};
		D091B7F949C8478FD637C0F7 /* [CP] Check Pods Manifest.lock */ = {
			isa = PBXShellScriptBuildPhase;
			buildActionMask = 2147483647;
			files = (
			);
			inputPaths = (
				"${PODS_PODFILE_DIR_PATH}/Podfile.lock",
				"${PODS_ROOT}/Manifest.lock",
			);
			name = "[CP] Check Pods Manifest.lock";
			outputPaths = (
				"$(DERIVED_FILE_DIR)/Pods-Kuni-checkManifestLockResult.txt",
			);
			runOnlyForDeploymentPostprocessing = 0;
			shellPath = /bin/sh;
			shellScript = "diff \"${PODS_PODFILE_DIR_PATH}/Podfile.lock\" \"${PODS_ROOT}/Manifest.lock\" > /dev/null\nif [ $? != 0 ] ; then\n    # print error to STDERR\n    echo \"error: The sandbox is not in sync with the Podfile.lock. Run 'pod install' or update your CocoaPods installation.\" >&2\n    exit 1\nfi\n# This output is used by Xcode 'outputs' to avoid re-running this script phase.\necho \"SUCCESS\" > \"${SCRIPT_OUTPUT_FILE_0}\"\n";
			showEnvVarsInLog = 0;
		};
		EFB57BA3620B3F1C471B08B6 /* [CP] Copy Pods Resources */ = {
			isa = PBXShellScriptBuildPhase;
			buildActionMask = 2147483647;
			files = (
			);
			inputPaths = (
			);
			name = "[CP] Copy Pods Resources";
			outputPaths = (
			);
			runOnlyForDeploymentPostprocessing = 0;
			shellPath = /bin/sh;
			shellScript = "\"${SRCROOT}/Pods/Target Support Files/Pods-Kuni/Pods-Kuni-resources.sh\"\n";
			showEnvVarsInLog = 0;
		};
/* End PBXShellScriptBuildPhase section */

/* Begin PBXSourcesBuildPhase section */
		65D86C3F1F15B3B4005501CF /* Sources */ = {
			isa = PBXSourcesBuildPhase;
			buildActionMask = 2147483647;
			files = (
				65EBE2931F417533004715A2 /* DLHamburguerContainerViewController.swift in Sources */,
				65D86C491F15B3B4005501CF /* ViewController.swift in Sources */,
				651375541F55EE660034AC08 /* ContestManager.swift in Sources */,
				65AF180E1FC55A9F00F33A43 /* HYParentalGate.swift in Sources */,
				65EBE2971F417554004715A2 /* DLHamburguerViewController.swift in Sources */,
				65CBAD091F47DAAD0083DD95 /* Contest.swift in Sources */,
				65C9B0051F28EE8A0028D360 /* LoginController.swift in Sources */,
				65CBAD051F47A0680083DD95 /* DashboardController.swift in Sources */,
				361DED5F1F82ADDF00B86600 /* NetworkStatusManager.swift in Sources */,
				65CBAD031F4787ED0083DD95 /* ContestRewardsController.swift in Sources */,
				65AF180D1FC55A9F00F33A43 /* HYParentalGateViewController.swift in Sources */,
				65CE9CCF1F76E5E800E239EA /* SerieController.swift in Sources */,
				361DED5B1F7EBC7100B86600 /* EFCountingLabel.swift in Sources */,
				651549F11F364DE100650E4C /* MainNavigationController.swift in Sources */,
				65CBAD151F48DDE10083DD95 /* SettingsController.swift in Sources */,
				36EFFA011F8EF5DA008B9DF9 /* Button.swift in Sources */,
				65CBAD111F47F7AA0083DD95 /* OnboardingController.swift in Sources */,
				36D19FD71F97CA8B00628F42 /* WalkthroughtController.swift in Sources */,
				654CC12A1F85F69D0010DBD9 /* Color.swift in Sources */,
				6542D7121F2823E6005EB323 /* Extensions.swift in Sources */,
				65EBE2901F4049FC004715A2 /* FacebookManager.swift in Sources */,
				657D06B41F2EC4B10016A14F /* Validators.swift in Sources */,
				657D06AF1F2E7E040016A14F /* Router.swift in Sources */,
				3697FB7C1F5F5866009C7506 /* OAuthManager.swift in Sources */,
				651549EF1F36489300650E4C /* Session.swift in Sources */,
				65EBE29C1F4179BB004715A2 /* HomeMenuController.swift in Sources */,
				651549EB1F3645DC00650E4C /* ProfileController.swift in Sources */,
				36EFF9FF1F8EF5B0008B9DF9 /* TextField.swift in Sources */,
				3645A4CD1F992C5200314B06 /* StepCell.swift in Sources */,
				65AF18101FC55A9F00F33A43 /* HYCheckBox.swift in Sources */,
				654396B71F3E332500DC947F /* AuthManager.swift in Sources */,
				654CC1281F85F68E0010DBD9 /* Font.swift in Sources */,
				65EBE2951F417543004715A2 /* DLHamburguerNavigationController.swift in Sources */,
				657D06A21F2C5CFE0016A14F /* RegisterController.swift in Sources */,
				65CBAD0C1F47F2270083DD95 /* Page.swift in Sources */,
				65CBAD131F48D9830083DD95 /* LegalsController.swift in Sources */,
				65CBAD0F1F47F24A0083DD95 /* PageCell.swift in Sources */,
				657D06B21F2E95320016A14F /* LostPasswordController.swift in Sources */,
				65C9B0091F2BA4CB0028D360 /* ContestAndPrivacyController.swift in Sources */,
				65EBE2991F417770004715A2 /* HomeRootController.swift in Sources */,
				3641FCA11F79567B00AE1252 /* DialogController.swift in Sources */,
				658456D01F4BDD6B00A127CD /* EditProfileController.swift in Sources */,
				361DED5D1F7EE3B900B86600 /* NoContentController.swift in Sources */,
				651549E91F362AD000650E4C /* HomeController.swift in Sources */,
				65C9B0071F2A0C210028D360 /* User.swift in Sources */,
				65D86C471F15B3B4005501CF /* AppDelegate.swift in Sources */,
				651549ED1F3645EE00650E4C /* RewardsController.swift in Sources */,
				361DED631F844F3600B86600 /* ParamsManager.swift in Sources */,
				65CBAD011F4787930083DD95 /* MyRewardsController.swift in Sources */,
				657D06B61F2F81B50016A14F /* Form.swift in Sources */,
				65AF180F1FC55A9F00F33A43 /* HYLocalizationHelper.swift in Sources */,
			);
			runOnlyForDeploymentPostprocessing = 0;
		};
/* End PBXSourcesBuildPhase section */

/* Begin PBXVariantGroup section */
		3663ACCD203B8E4A000A77FA /* Localizable.strings */ = {
			isa = PBXVariantGroup;
			children = (
				3663ACCC203B8E4A000A77FA /* es-MX */,
			);
			name = Localizable.strings;
			sourceTree = "<group>";
		};
		65D86C4A1F15B3B4005501CF /* Main.storyboard */ = {
			isa = PBXVariantGroup;
			children = (
				65D86C4B1F15B3B4005501CF /* Base */,
				3663ACC8203B8DB4000A77FA /* es-MX */,
			);
			name = Main.storyboard;
			sourceTree = "<group>";
		};
		65D86C4F1F15B3B4005501CF /* LaunchScreen.storyboard */ = {
			isa = PBXVariantGroup;
			children = (
				65D86C501F15B3B4005501CF /* Base */,
				3663ACC7203B8DB4000A77FA /* es-MX */,
			);
			name = LaunchScreen.storyboard;
			sourceTree = "<group>";
		};
/* End PBXVariantGroup section */

/* Begin XCBuildConfiguration section */
		65D86C531F15B3B4005501CF /* Debug */ = {
			isa = XCBuildConfiguration;
			buildSettings = {
				ALWAYS_SEARCH_USER_PATHS = NO;
				CLANG_ANALYZER_LOCALIZABILITY_NONLOCALIZED = YES;
				CLANG_ANALYZER_NONNULL = YES;
				CLANG_ANALYZER_NUMBER_OBJECT_CONVERSION = YES_AGGRESSIVE;
				CLANG_CXX_LANGUAGE_STANDARD = "gnu++0x";
				CLANG_CXX_LIBRARY = "libc++";
				CLANG_ENABLE_MODULES = YES;
				CLANG_ENABLE_OBJC_ARC = YES;
				CLANG_WARN_BLOCK_CAPTURE_AUTORELEASING = YES;
				CLANG_WARN_BOOL_CONVERSION = YES;
				CLANG_WARN_COMMA = YES;
				CLANG_WARN_CONSTANT_CONVERSION = YES;
				CLANG_WARN_DIRECT_OBJC_ISA_USAGE = YES_ERROR;
				CLANG_WARN_DOCUMENTATION_COMMENTS = YES;
				CLANG_WARN_EMPTY_BODY = YES;
				CLANG_WARN_ENUM_CONVERSION = YES;
				CLANG_WARN_INFINITE_RECURSION = YES;
				CLANG_WARN_INT_CONVERSION = YES;
				CLANG_WARN_NON_LITERAL_NULL_CONVERSION = YES;
				CLANG_WARN_OBJC_LITERAL_CONVERSION = YES;
				CLANG_WARN_OBJC_ROOT_CLASS = YES_ERROR;
				CLANG_WARN_RANGE_LOOP_ANALYSIS = YES;
				CLANG_WARN_STRICT_PROTOTYPES = YES;
				CLANG_WARN_SUSPICIOUS_MOVE = YES;
				CLANG_WARN_UNREACHABLE_CODE = YES;
				CLANG_WARN__DUPLICATE_METHOD_MATCH = YES;
				"CODE_SIGN_IDENTITY[sdk=iphoneos*]" = "iPhone Developer";
				COPY_PHASE_STRIP = NO;
				DEBUG_INFORMATION_FORMAT = dwarf;
				ENABLE_STRICT_OBJC_MSGSEND = YES;
				ENABLE_TESTABILITY = YES;
				GCC_C_LANGUAGE_STANDARD = gnu99;
				GCC_DYNAMIC_NO_PIC = NO;
				GCC_NO_COMMON_BLOCKS = YES;
				GCC_OPTIMIZATION_LEVEL = 0;
				GCC_PREPROCESSOR_DEFINITIONS = (
					"DEBUG=1",
					"$(inherited)",
				);
				GCC_WARN_64_TO_32_BIT_CONVERSION = YES;
				GCC_WARN_ABOUT_RETURN_TYPE = YES_ERROR;
				GCC_WARN_UNDECLARED_SELECTOR = YES;
				GCC_WARN_UNINITIALIZED_AUTOS = YES_AGGRESSIVE;
				GCC_WARN_UNUSED_FUNCTION = YES;
				GCC_WARN_UNUSED_VARIABLE = YES;
				IPHONEOS_DEPLOYMENT_TARGET = 10.3;
				MTL_ENABLE_DEBUG_INFO = YES;
				ONLY_ACTIVE_ARCH = YES;
				SDKROOT = iphoneos;
				SWIFT_ACTIVE_COMPILATION_CONDITIONS = DEBUG;
				SWIFT_OPTIMIZATION_LEVEL = "-Onone";
				TARGETED_DEVICE_FAMILY = "1,2";
			};
			name = Debug;
		};
		65D86C541F15B3B4005501CF /* Release */ = {
			isa = XCBuildConfiguration;
			buildSettings = {
				ALWAYS_SEARCH_USER_PATHS = NO;
				CLANG_ANALYZER_LOCALIZABILITY_NONLOCALIZED = YES;
				CLANG_ANALYZER_NONNULL = YES;
				CLANG_ANALYZER_NUMBER_OBJECT_CONVERSION = YES_AGGRESSIVE;
				CLANG_CXX_LANGUAGE_STANDARD = "gnu++0x";
				CLANG_CXX_LIBRARY = "libc++";
				CLANG_ENABLE_MODULES = YES;
				CLANG_ENABLE_OBJC_ARC = YES;
				CLANG_WARN_BLOCK_CAPTURE_AUTORELEASING = YES;
				CLANG_WARN_BOOL_CONVERSION = YES;
				CLANG_WARN_COMMA = YES;
				CLANG_WARN_CONSTANT_CONVERSION = YES;
				CLANG_WARN_DIRECT_OBJC_ISA_USAGE = YES_ERROR;
				CLANG_WARN_DOCUMENTATION_COMMENTS = YES;
				CLANG_WARN_EMPTY_BODY = YES;
				CLANG_WARN_ENUM_CONVERSION = YES;
				CLANG_WARN_INFINITE_RECURSION = YES;
				CLANG_WARN_INT_CONVERSION = YES;
				CLANG_WARN_NON_LITERAL_NULL_CONVERSION = YES;
				CLANG_WARN_OBJC_LITERAL_CONVERSION = YES;
				CLANG_WARN_OBJC_ROOT_CLASS = YES_ERROR;
				CLANG_WARN_RANGE_LOOP_ANALYSIS = YES;
				CLANG_WARN_STRICT_PROTOTYPES = YES;
				CLANG_WARN_SUSPICIOUS_MOVE = YES;
				CLANG_WARN_UNREACHABLE_CODE = YES;
				CLANG_WARN__DUPLICATE_METHOD_MATCH = YES;
				"CODE_SIGN_IDENTITY[sdk=iphoneos*]" = "iPhone Developer";
				COPY_PHASE_STRIP = NO;
				DEBUG_INFORMATION_FORMAT = "dwarf-with-dsym";
				ENABLE_NS_ASSERTIONS = NO;
				ENABLE_STRICT_OBJC_MSGSEND = YES;
				GCC_C_LANGUAGE_STANDARD = gnu99;
				GCC_NO_COMMON_BLOCKS = YES;
				GCC_WARN_64_TO_32_BIT_CONVERSION = YES;
				GCC_WARN_ABOUT_RETURN_TYPE = YES_ERROR;
				GCC_WARN_UNDECLARED_SELECTOR = YES;
				GCC_WARN_UNINITIALIZED_AUTOS = YES_AGGRESSIVE;
				GCC_WARN_UNUSED_FUNCTION = YES;
				GCC_WARN_UNUSED_VARIABLE = YES;
				IPHONEOS_DEPLOYMENT_TARGET = 10.3;
				MTL_ENABLE_DEBUG_INFO = NO;
				SDKROOT = iphoneos;
				SWIFT_OPTIMIZATION_LEVEL = "-Owholemodule";
				TARGETED_DEVICE_FAMILY = "1,2";
				VALIDATE_PRODUCT = YES;
			};
			name = Release;
		};
		65D86C561F15B3B4005501CF /* Debug */ = {
			isa = XCBuildConfiguration;
			baseConfigurationReference = C1E6FACB7B04F607D7ACDA93 /* Pods-Kuni.debug.xcconfig */;
			buildSettings = {
				ASSETCATALOG_COMPILER_APPICON_NAME = AppIcon;
				ASSETCATALOG_COMPILER_LAUNCHIMAGE_NAME = LaunchImage;
				CODE_SIGN_ENTITLEMENTS = Kuni/Kuni.entitlements;
				"CODE_SIGN_IDENTITY[sdk=iphoneos*]" = "iPhone Developer";
				DEVELOPMENT_TEAM = P93XMCTDMP;
				INFOPLIST_FILE = Kuni/Info.plist;
				IPHONEOS_DEPLOYMENT_TARGET = 9.3;
				LD_RUNPATH_SEARCH_PATHS = "$(inherited) @executable_path/Frameworks";
				PRODUCT_BUNDLE_IDENTIFIER = com.lfs.kuni.ios;
				PRODUCT_NAME = "$(TARGET_NAME)";
				PROVISIONING_PROFILE_SPECIFIER = "";
				SWIFT_VERSION = 3.0;
			};
			name = Debug;
		};
		65D86C571F15B3B4005501CF /* Release */ = {
			isa = XCBuildConfiguration;
			baseConfigurationReference = 63DE74B1429783EB44A75FCC /* Pods-Kuni.release.xcconfig */;
			buildSettings = {
				ASSETCATALOG_COMPILER_APPICON_NAME = AppIcon;
				ASSETCATALOG_COMPILER_LAUNCHIMAGE_NAME = LaunchImage;
				CODE_SIGN_ENTITLEMENTS = Kuni/Kuni.entitlements;
				"CODE_SIGN_IDENTITY[sdk=iphoneos*]" = "iPhone Developer";
				DEVELOPMENT_TEAM = P93XMCTDMP;
				INFOPLIST_FILE = Kuni/Info.plist;
				IPHONEOS_DEPLOYMENT_TARGET = 9.3;
				LD_RUNPATH_SEARCH_PATHS = "$(inherited) @executable_path/Frameworks";
				PRODUCT_BUNDLE_IDENTIFIER = com.lfs.kuni.ios;
				PRODUCT_NAME = "$(TARGET_NAME)";
				PROVISIONING_PROFILE_SPECIFIER = "";
				SWIFT_VERSION = 3.0;
			};
			name = Release;
		};
/* End XCBuildConfiguration section */

/* Begin XCConfigurationList section */
		65D86C3E1F15B3B4005501CF /* Build configuration list for PBXProject "Kuni" */ = {
			isa = XCConfigurationList;
			buildConfigurations = (
				65D86C531F15B3B4005501CF /* Debug */,
				65D86C541F15B3B4005501CF /* Release */,
			);
			defaultConfigurationIsVisible = 0;
			defaultConfigurationName = Release;
		};
		65D86C551F15B3B4005501CF /* Build configuration list for PBXNativeTarget "Kuni" */ = {
			isa = XCConfigurationList;
			buildConfigurations = (
				65D86C561F15B3B4005501CF /* Debug */,
				65D86C571F15B3B4005501CF /* Release */,
			);
			defaultConfigurationIsVisible = 0;
			defaultConfigurationName = Release;
		};
/* End XCConfigurationList section */
	};
	rootObject = 65D86C3B1F15B3B4005501CF /* Project object */;
}
